// !$*UTF8*$!
{
	archiveVersion = 1;
	classes = {
	};
	objectVersion = 77;
	objects = {

/* Begin PBXBuildFile section */
		043B134B72CE2E5637C11530 /* AppIcon.icon in Resources */ = {isa = PBXBuildFile; fileRef = 54C8CCAA28BE713D16820038 /* AppIcon.icon */; };
		0BEB235A871AD3566C4C1F7E /* SettingsDocumentationView.swift in Sources */ = {isa = PBXBuildFile; fileRef = ECE3EE582980C639EF8D003F /* SettingsDocumentationView.swift */; };
		0D20ED1C18BE4AAD9EE1311C /* NotificationEventQueue.swift in Sources */ = {isa = PBXBuildFile; fileRef = 21A23B92406F8183901D2051 /* NotificationEventQueue.swift */; };
		0E537BFEFE1F926149378250 /* MainView.swift in Sources */ = {isa = PBXBuildFile; fileRef = 0DC8B37B7E84B3163CBDECF5 /* MainView.swift */; };
		10E03364A2A9B61054AF7D07 /* FinderDirectorySettingsModel.swift in Sources */ = {isa = PBXBuildFile; fileRef = 8A94521F544FCDABB87C3F99 /* FinderDirectorySettingsModel.swift */; };
		1275386606BDFC5FA9E31D62 /* GetOudioCore.framework in Frameworks */ = {isa = PBXBuildFile; fileRef = 49BFF2708ED14CF05FA36161 /* GetOudioCore.framework */; };
		1361F214AA8EAF0ACE04658B /* DefaultOpenWithService.swift in Sources */ = {isa = PBXBuildFile; fileRef = ECC45B39B4FFC5F6D7ECA9FE /* DefaultOpenWithService.swift */; };
		1830DE3F5D6F7D43C5BC7923 /* NCMConversionService.swift in Sources */ = {isa = PBXBuildFile; fileRef = 5824B80AB71359FF2011C2E0 /* NCMConversionService.swift */; };
		1A5F3EF77607777EBD03007A /* AppleMusicDownloaderProgressParser.swift in Sources */ = {isa = PBXBuildFile; fileRef = C74C0865C3389B8416877170 /* AppleMusicDownloaderProgressParser.swift */; };
		1E2BA6165226BFEB0082B779 /* SettingsStore.swift in Sources */ = {isa = PBXBuildFile; fileRef = 277323E37349CB4F0E1FDA52 /* SettingsStore.swift */; };
		1E4668A8BDB0F2F9431B77C9 /* SharedContainer.swift in Sources */ = {isa = PBXBuildFile; fileRef = 07E142F989021D191723AA81 /* SharedContainer.swift */; };
		21909135C633A36CA4A2EBCA /* SettingsViewModel.swift in Sources */ = {isa = PBXBuildFile; fileRef = 7E935EA0A23172AF7AE10BEB /* SettingsViewModel.swift */; };
		28D57F1082E7B71F53AB415F /* DashboardView.swift in Sources */ = {isa = PBXBuildFile; fileRef = 9CEC2CD73CA5DB57DD39B2D2 /* DashboardView.swift */; };
		299ADABA555847D6E5F92734 /* GetOudioCore.framework in Embed Frameworks */ = {isa = PBXBuildFile; fileRef = 49BFF2708ED14CF05FA36161 /* GetOudioCore.framework */; settings = {ATTRIBUTES = (CodeSignOnCopy, RemoveHeadersOnCopy, ); }; };
		2A6A646F2170DC2516434BF2 /* JobQueue.swift in Sources */ = {isa = PBXBuildFile; fileRef = 7F29A548AD0635BE90D34456 /* JobQueue.swift */; };
		2B42E847986CC7B87B603885 /* OpenWithJobDispatcher.swift in Sources */ = {isa = PBXBuildFile; fileRef = 8D142844D21B63D852AD8F4B /* OpenWithJobDispatcher.swift */; };
		2F9FB03C3C2FD83ADA63BE09 /* HeadlessRunner.swift in Sources */ = {isa = PBXBuildFile; fileRef = 1435730CBD8D1117C241A57D /* HeadlessRunner.swift */; };
		3588567EC971BABD0CD8BDEE /* AppleMusicWrapperRuntime.swift in Sources */ = {isa = PBXBuildFile; fileRef = DCD1166F4ECCEF206816E275 /* AppleMusicWrapperRuntime.swift */; };
		3629BE86D263E7B1F003F248 /* AgentMain.swift in Sources */ = {isa = PBXBuildFile; fileRef = F194F1D1BF8520F04C51A8C1 /* AgentMain.swift */; };
		38433545DB5236C9997DC357 /* JobIntake.swift in Sources */ = {isa = PBXBuildFile; fileRef = E6C5A2F4790C8793FAFE44BD /* JobIntake.swift */; };
		3AD5723738429067C46F5E53 /* apple-music-downloader in Resources */ = {isa = PBXBuildFile; fileRef = 944D0886B6ADDE240A0D8BFB /* apple-music-downloader */; };
		3C4CA233D572B5BA3D1A397F /* ncmdump in Resources */ = {isa = PBXBuildFile; fileRef = F806E2D0D02BD05E19A347FF /* ncmdump */; };
		4033D26C1DA591C4CEBBD6CC /* GetOudioCore.framework in Frameworks */ = {isa = PBXBuildFile; fileRef = 49BFF2708ED14CF05FA36161 /* GetOudioCore.framework */; };
		4AA1533CE03FF44C8D8BAA04 /* GetOudioShareExtension.appex in Embed Foundation Extensions */ = {isa = PBXBuildFile; fileRef = 43638432B32307180F0DC2FD /* GetOudioShareExtension.appex */; settings = {ATTRIBUTES = (RemoveHeadersOnCopy, ); }; };
		4C929C5B97ADD1C16FFF5544 /* GetOudioCore.framework in Frameworks */ = {isa = PBXBuildFile; fileRef = 49BFF2708ED14CF05FA36161 /* GetOudioCore.framework */; };
		4F57CEC14D119E7A78D11488 /* NCMFileIcon.icns in Resources */ = {isa = PBXBuildFile; fileRef = 7277FA0381ED5023AA2D587E /* NCMFileIcon.icns */; };
		4F96746273724F3BDA14439E /* AppleMusicShareDownloadCoordinator.swift in Sources */ = {isa = PBXBuildFile; fileRef = 730C0C3FEA5DE504A597E570 /* AppleMusicShareDownloadCoordinator.swift */; };
		52BD90AFFCB576C038304959 /* JobProgressPhase.swift in Sources */ = {isa = PBXBuildFile; fileRef = 968CA7DFC4B0913F91E093B7 /* JobProgressPhase.swift */; };
		553A9EBFF18953287DAE4119 /* FinderSync.swift in Sources */ = {isa = PBXBuildFile; fileRef = 260A59E1B28DDC4E921E9C39 /* FinderSync.swift */; };
		5AF71DB85909A76FAC7A896C /* icon.icns in Resources */ = {isa = PBXBuildFile; fileRef = 4FA258C519946194B2323E80 /* icon.icns */; };
		627CEBE7088E7474514D3D37 /* GetOudioCore.framework in Frameworks */ = {isa = PBXBuildFile; fileRef = 49BFF2708ED14CF05FA36161 /* GetOudioCore.framework */; };
		6E9FE41DFB6BDAA6FB845C9A /* DefaultOpenWithSettingsModel.swift in Sources */ = {isa = PBXBuildFile; fileRef = 8A7B57EFCFA3995627C9AC08 /* DefaultOpenWithSettingsModel.swift */; };
		7E091D7050D2D90DC030B7FA /* ProcessRunner.swift in Sources */ = {isa = PBXBuildFile; fileRef = 8D9341EFFB773C117429DF56 /* ProcessRunner.swift */; };
		7E4140D91A905E5B8076794C /* AppConstants.swift in Sources */ = {isa = PBXBuildFile; fileRef = 74D3AADF75639B9295A0B4BF /* AppConstants.swift */; };
		7ED8DE418C76BCDE5276D98A /* AppleMusicRuntimeAgentLauncher.swift in Sources */ = {isa = PBXBuildFile; fileRef = 24D6241F048302C55FF222E9 /* AppleMusicRuntimeAgentLauncher.swift */; };
		80A877F95C99E226655664B6 /* GetOudioFinderExtension.appex in Embed Foundation Extensions */ = {isa = PBXBuildFile; fileRef = E71B1DAE2F34CAAE4261B2F0 /* GetOudioFinderExtension.appex */; settings = {ATTRIBUTES = (RemoveHeadersOnCopy, ); }; };
		84E264F729CDCBA406A0C041 /* ColimaDockerRuntime.swift in Sources */ = {isa = PBXBuildFile; fileRef = 1C389A0C8BA4A129E65FAEA3 /* ColimaDockerRuntime.swift */; };
		893000D007353B9BF9F71CBC /* SystemExtensionSettingsModel.swift in Sources */ = {isa = PBXBuildFile; fileRef = 280B0F7AC8A13D4928A4F3EF /* SystemExtensionSettingsModel.swift */; };
		8A2E661CDF858F0C513EA975 /* DiagnosticLog.swift in Sources */ = {isa = PBXBuildFile; fileRef = 80F5F247C72D46445AD92B40 /* DiagnosticLog.swift */; };
		8FFCE884D7BC03D9A2B1F5B7 /* LaunchMarkerStore.swift in Sources */ = {isa = PBXBuildFile; fileRef = 52E9A2CCF2CA6AC6C81E4EC9 /* LaunchMarkerStore.swift */; };
		915F26D681FDC2E5CA3D9B83 /* DependencyManager.swift in Sources */ = {isa = PBXBuildFile; fileRef = 88FFAF2F427E7BBA50C57633 /* DependencyManager.swift */; };
		91E4AFF82D841A7EC3CAEE5C /* FileCategory.swift in Sources */ = {isa = PBXBuildFile; fileRef = 4092C290A220FE1E53D899C9 /* FileCategory.swift */; };
		93C6BE7D8BA717C02E07961C /* GetOudioCore.framework in Frameworks */ = {isa = PBXBuildFile; fileRef = 49BFF2708ED14CF05FA36161 /* GetOudioCore.framework */; };
		9592ABD5238190A0FECF2673 /* AppleMusicRuntimeManager.swift in Sources */ = {isa = PBXBuildFile; fileRef = B9C68E3D12622013AF3CB161 /* AppleMusicRuntimeManager.swift */; };
		995A3254ABC5325D7D583905 /* main.swift in Sources */ = {isa = PBXBuildFile; fileRef = 2D84480E867AAD02E3F55067 /* main.swift */; };
		9A58A40606282A3F920A071F /* MainSettingsPages.swift in Sources */ = {isa = PBXBuildFile; fileRef = C63E67A469198DCFAAEF52A5 /* MainSettingsPages.swift */; };
		A244B0BDB474A7B4712BD80F /* PresetSettingsModel.swift in Sources */ = {isa = PBXBuildFile; fileRef = DBB5D4A69A9524F2BF4087DB /* PresetSettingsModel.swift */; };
		A284874C51E3738AEDC9BC65 /* NotificationService.swift in Sources */ = {isa = PBXBuildFile; fileRef = A31E47AC388151B7BA99BFE6 /* NotificationService.swift */; };
		A32095A60C634D85C3E1E64C /* Documentation in Resources */ = {isa = PBXBuildFile; fileRef = 78BBD92AC5CAECA405A07511 /* Documentation */; };
		A8AF384073CDDFCAADE1383D /* JobRequest.swift in Sources */ = {isa = PBXBuildFile; fileRef = 830E304F412F81F410B833C8 /* JobRequest.swift */; };
		AD82AD58BE8240DDF4201215 /* AudioConversionService.swift in Sources */ = {isa = PBXBuildFile; fileRef = FCE6C13E6BA94A818DA3068B /* AudioConversionService.swift */; };
		AE8147EEC4CD65401A029982 /* KeychainService.swift in Sources */ = {isa = PBXBuildFile; fileRef = 6443C0992771CFEA49338C37 /* KeychainService.swift */; };
		AFFB08D96001497CFBF8AC88 /* ConversionPreset.swift in Sources */ = {isa = PBXBuildFile; fileRef = 96C485724CAA57FDA4F744D0 /* ConversionPreset.swift */; };
		B8EA68949879206D459B8577 /* DirectoryChooser.swift in Sources */ = {isa = PBXBuildFile; fileRef = 45B8F600ED7CF7F3BC4E8D67 /* DirectoryChooser.swift */; };
		B96987E37666C7F4E82D6AB3 /* GetOudioCoreTests.swift in Sources */ = {isa = PBXBuildFile; fileRef = C43975B92D52741C9A75DC77 /* GetOudioCoreTests.swift */; };
		BA2B129FF3760A61CFEEF0E2 /* AppleMusicRuntimeAgentClient.swift in Sources */ = {isa = PBXBuildFile; fileRef = 323FD01C817E384689C4EAA8 /* AppleMusicRuntimeAgentClient.swift */; };
		CBD2CF1093293B2DB633A1F5 /* ConversionActionFactory.swift in Sources */ = {isa = PBXBuildFile; fileRef = 13B4DFE9D95E437DC5C2FDBF /* ConversionActionFactory.swift */; };
		CDB96F8DD0D55AE6E4146A47 /* NCMSettingsModel.swift in Sources */ = {isa = PBXBuildFile; fileRef = 2D140BDEF696D4BCE7EDDCBB /* NCMSettingsModel.swift */; };
		D0471A3CCE40DBACF8511587 /* ffmpeg in Resources */ = {isa = PBXBuildFile; fileRef = 4AD5E91E2A5C903C19F28C4E /* ffmpeg */; };
		D3B2A574D58BB6A994DDC271 /* Dependency.swift in Sources */ = {isa = PBXBuildFile; fileRef = 218718BFCE1EB8C4B99AED9F /* Dependency.swift */; };
		D52AE571DC64BBCF63A285E3 /* MediaExtractionService.swift in Sources */ = {isa = PBXBuildFile; fileRef = DF11B1E80B3F43236531D6A8 /* MediaExtractionService.swift */; };
		DD1D825184E9AD2BDC9822F4 /* AppleMusicSettingsModel.swift in Sources */ = {isa = PBXBuildFile; fileRef = F4EDD5FB0848FAF0C36888A6 /* AppleMusicSettingsModel.swift */; };
		DE31BC37B7DA0B57A7594782 /* AppleMusicDownloadService.swift in Sources */ = {isa = PBXBuildFile; fileRef = 0BB207379790847AB20869D3 /* AppleMusicDownloadService.swift */; };
		DE40E324B1CCD0A87D29DBD9 /* ShareEventQueue.swift in Sources */ = {isa = PBXBuildFile; fileRef = 6687368FC009B08493D049E3 /* ShareEventQueue.swift */; };
		DF7AFFED926401D5521EAF82 /* ShareExtension.swift in Sources */ = {isa = PBXBuildFile; fileRef = 07A513B3F5F8C121D7D1145B /* ShareExtension.swift */; };
		E1B3141EC2CA92A068CAEA90 /* AppleMusicDownloadMessageFormatter.swift in Sources */ = {isa = PBXBuildFile; fileRef = 931EDAB50D5DFF916FE75A07 /* AppleMusicDownloadMessageFormatter.swift */; };
		E79AF9E57B6BD2E7727720E1 /* NormalLauncher.swift in Sources */ = {isa = PBXBuildFile; fileRef = 7085A54F704E59442755202F /* NormalLauncher.swift */; };
		ED66D6BAC4CE297C63BFC80D /* GetOudioCore.framework in Embed Frameworks */ = {isa = PBXBuildFile; fileRef = 49BFF2708ED14CF05FA36161 /* GetOudioCore.framework */; settings = {ATTRIBUTES = (CodeSignOnCopy, RemoveHeadersOnCopy, ); }; };
		EF31BFBD5ED668E16699BCD0 /* PendingAppleMusicDownloadStore.swift in Sources */ = {isa = PBXBuildFile; fileRef = 8E499867F50B2D0BF3348EE4 /* PendingAppleMusicDownloadStore.swift */; };
		F87C352EC57D852A187D0EAF /* OpenWithPresetMenuController.swift in Sources */ = {isa = PBXBuildFile; fileRef = 1A77C371986D7FC6E0D024B5 /* OpenWithPresetMenuController.swift */; };
		FA893849DFEE336E870C6F8F /* Notifications.swift in Sources */ = {isa = PBXBuildFile; fileRef = 8E1B72668091E326BEC5A293 /* Notifications.swift */; };
		FD34FCD24271E50D12647574 /* AppleMusicShareURLParser.swift in Sources */ = {isa = PBXBuildFile; fileRef = 586B2314A6D6C0E188D4EF15 /* AppleMusicShareURLParser.swift */; };
		FF1A15EA50B6C0F50D821207 /* GetOudioCore.framework in Embed Frameworks */ = {isa = PBXBuildFile; fileRef = 49BFF2708ED14CF05FA36161 /* GetOudioCore.framework */; settings = {ATTRIBUTES = (CodeSignOnCopy, RemoveHeadersOnCopy, ); }; };
/* End PBXBuildFile section */

/* Begin PBXContainerItemProxy section */
		06528AF10FA2B05B7303EA7C /* PBXContainerItemProxy */ = {
			isa = PBXContainerItemProxy;
			containerPortal = 765A5E52E8CEDAD270702356 /* Project object */;
			proxyType = 1;
			remoteGlobalIDString = DCCB63A986CE40B8EBFBE2CF;
			remoteInfo = GetOudioFinderExtension;
		};
		4C06EF9BE372E507D05BE5FE /* PBXContainerItemProxy */ = {
			isa = PBXContainerItemProxy;
			containerPortal = 765A5E52E8CEDAD270702356 /* Project object */;
			proxyType = 1;
			remoteGlobalIDString = F9246AF6FE72CF2A656008F0;
			remoteInfo = GetOudioCore;
		};
		AE19CF3B690919C60D79BBC8 /* PBXContainerItemProxy */ = {
			isa = PBXContainerItemProxy;
			containerPortal = 765A5E52E8CEDAD270702356 /* Project object */;
			proxyType = 1;
			remoteGlobalIDString = 771BA082D2D4EC90E96CE749;
			remoteInfo = GetOudioAMRuntimeAgent;
		};
		B71E9CBDE90258119F31A523 /* PBXContainerItemProxy */ = {
			isa = PBXContainerItemProxy;
			containerPortal = 765A5E52E8CEDAD270702356 /* Project object */;
			proxyType = 1;
			remoteGlobalIDString = F9246AF6FE72CF2A656008F0;
			remoteInfo = GetOudioCore;
		};
		BE435B46D09D2B845C5AB1C5 /* PBXContainerItemProxy */ = {
			isa = PBXContainerItemProxy;
			containerPortal = 765A5E52E8CEDAD270702356 /* Project object */;
			proxyType = 1;
			remoteGlobalIDString = F9246AF6FE72CF2A656008F0;
			remoteInfo = GetOudioCore;
		};
		DDDE9BAAFA8395065647D08B /* PBXContainerItemProxy */ = {
			isa = PBXContainerItemProxy;
			containerPortal = 765A5E52E8CEDAD270702356 /* Project object */;
			proxyType = 1;
			remoteGlobalIDString = F9246AF6FE72CF2A656008F0;
			remoteInfo = GetOudioCore;
		};
		EE73AFC0232840C678004846 /* PBXContainerItemProxy */ = {
			isa = PBXContainerItemProxy;
			containerPortal = 765A5E52E8CEDAD270702356 /* Project object */;
			proxyType = 1;
			remoteGlobalIDString = F9246AF6FE72CF2A656008F0;
			remoteInfo = GetOudioCore;
		};
		F79FE79FFF62F1C9534D5040 /* PBXContainerItemProxy */ = {
			isa = PBXContainerItemProxy;
			containerPortal = 765A5E52E8CEDAD270702356 /* Project object */;
			proxyType = 1;
			remoteGlobalIDString = E816029425E0A3BCF18A3C31;
			remoteInfo = GetOudioShareExtension;
		};
/* End PBXContainerItemProxy section */

/* Begin PBXCopyFilesBuildPhase section */
		4CD890E01991BED226C7E00B /* Embed Frameworks */ = {
			isa = PBXCopyFilesBuildPhase;
			buildActionMask = 2147483647;
			dstPath = "";
			dstSubfolderSpec = 10;
			files = (
				ED66D6BAC4CE297C63BFC80D /* GetOudioCore.framework in Embed Frameworks */,
			);
			name = "Embed Frameworks";
			runOnlyForDeploymentPostprocessing = 0;
		};
		6F0A90185C0E9CE10A10C48A /* Embed Frameworks */ = {
			isa = PBXCopyFilesBuildPhase;
			buildActionMask = 2147483647;
			dstPath = "";
			dstSubfolderSpec = 10;
			files = (
				FF1A15EA50B6C0F50D821207 /* GetOudioCore.framework in Embed Frameworks */,
			);
			name = "Embed Frameworks";
			runOnlyForDeploymentPostprocessing = 0;
		};
		A7404D723DF252EBC38A8CF4 /* Embed Foundation Extensions */ = {
			isa = PBXCopyFilesBuildPhase;
			buildActionMask = 2147483647;
			dstPath = "";
			dstSubfolderSpec = 13;
			files = (
				80A877F95C99E226655664B6 /* GetOudioFinderExtension.appex in Embed Foundation Extensions */,
				4AA1533CE03FF44C8D8BAA04 /* GetOudioShareExtension.appex in Embed Foundation Extensions */,
			);
			name = "Embed Foundation Extensions";
			runOnlyForDeploymentPostprocessing = 0;
		};
		CD34036723D8C9708225B342 /* Embed Frameworks */ = {
			isa = PBXCopyFilesBuildPhase;
			buildActionMask = 2147483647;
			dstPath = "";
			dstSubfolderSpec = 10;
			files = (
				299ADABA555847D6E5F92734 /* GetOudioCore.framework in Embed Frameworks */,
			);
			name = "Embed Frameworks";
			runOnlyForDeploymentPostprocessing = 0;
		};
/* End PBXCopyFilesBuildPhase section */

/* Begin PBXFileReference section */
		0709132ABB400330E134F753 /* GetOudio.app */ = {isa = PBXFileReference; explicitFileType = wrapper.application; includeInIndex = 0; path = GetOudio.app; sourceTree = BUILT_PRODUCTS_DIR; };
		07A513B3F5F8C121D7D1145B /* ShareExtension.swift */ = {isa = PBXFileReference; lastKnownFileType = sourcecode.swift; path = ShareExtension.swift; sourceTree = "<group>"; };
		07E142F989021D191723AA81 /* SharedContainer.swift */ = {isa = PBXFileReference; lastKnownFileType = sourcecode.swift; path = SharedContainer.swift; sourceTree = "<group>"; };
		0BB207379790847AB20869D3 /* AppleMusicDownloadService.swift */ = {isa = PBXFileReference; lastKnownFileType = sourcecode.swift; path = AppleMusicDownloadService.swift; sourceTree = "<group>"; };
		0DC8B37B7E84B3163CBDECF5 /* MainView.swift */ = {isa = PBXFileReference; lastKnownFileType = sourcecode.swift; path = MainView.swift; sourceTree = "<group>"; };
		13B4DFE9D95E437DC5C2FDBF /* ConversionActionFactory.swift */ = {isa = PBXFileReference; lastKnownFileType = sourcecode.swift; path = ConversionActionFactory.swift; sourceTree = "<group>"; };
		1435730CBD8D1117C241A57D /* HeadlessRunner.swift */ = {isa = PBXFileReference; lastKnownFileType = sourcecode.swift; path = HeadlessRunner.swift; sourceTree = "<group>"; };
		1A77C371986D7FC6E0D024B5 /* OpenWithPresetMenuController.swift */ = {isa = PBXFileReference; lastKnownFileType = sourcecode.swift; path = OpenWithPresetMenuController.swift; sourceTree = "<group>"; };
		1C389A0C8BA4A129E65FAEA3 /* ColimaDockerRuntime.swift */ = {isa = PBXFileReference; lastKnownFileType = sourcecode.swift; path = ColimaDockerRuntime.swift; sourceTree = "<group>"; };
		218718BFCE1EB8C4B99AED9F /* Dependency.swift */ = {isa = PBXFileReference; lastKnownFileType = sourcecode.swift; path = Dependency.swift; sourceTree = "<group>"; };
		21A23B92406F8183901D2051 /* NotificationEventQueue.swift */ = {isa = PBXFileReference; lastKnownFileType = sourcecode.swift; path = NotificationEventQueue.swift; sourceTree = "<group>"; };
		24D6241F048302C55FF222E9 /* AppleMusicRuntimeAgentLauncher.swift */ = {isa = PBXFileReference; lastKnownFileType = sourcecode.swift; path = AppleMusicRuntimeAgentLauncher.swift; sourceTree = "<group>"; };
		260A59E1B28DDC4E921E9C39 /* FinderSync.swift */ = {isa = PBXFileReference; lastKnownFileType = sourcecode.swift; path = FinderSync.swift; sourceTree = "<group>"; };
		277323E37349CB4F0E1FDA52 /* SettingsStore.swift */ = {isa = PBXFileReference; lastKnownFileType = sourcecode.swift; path = SettingsStore.swift; sourceTree = "<group>"; };
		280B0F7AC8A13D4928A4F3EF /* SystemExtensionSettingsModel.swift */ = {isa = PBXFileReference; lastKnownFileType = sourcecode.swift; path = SystemExtensionSettingsModel.swift; sourceTree = "<group>"; };
		2D140BDEF696D4BCE7EDDCBB /* NCMSettingsModel.swift */ = {isa = PBXFileReference; lastKnownFileType = sourcecode.swift; path = NCMSettingsModel.swift; sourceTree = "<group>"; };
		2D84480E867AAD02E3F55067 /* main.swift */ = {isa = PBXFileReference; lastKnownFileType = sourcecode.swift; path = main.swift; sourceTree = "<group>"; };
		323FD01C817E384689C4EAA8 /* AppleMusicRuntimeAgentClient.swift */ = {isa = PBXFileReference; lastKnownFileType = sourcecode.swift; path = AppleMusicRuntimeAgentClient.swift; sourceTree = "<group>"; };
		4092C290A220FE1E53D899C9 /* FileCategory.swift */ = {isa = PBXFileReference; lastKnownFileType = sourcecode.swift; path = FileCategory.swift; sourceTree = "<group>"; };
		43638432B32307180F0DC2FD /* GetOudioShareExtension.appex */ = {isa = PBXFileReference; explicitFileType = "wrapper.app-extension"; includeInIndex = 0; path = GetOudioShareExtension.appex; sourceTree = BUILT_PRODUCTS_DIR; };
		45B8F600ED7CF7F3BC4E8D67 /* DirectoryChooser.swift */ = {isa = PBXFileReference; lastKnownFileType = sourcecode.swift; path = DirectoryChooser.swift; sourceTree = "<group>"; };
		49BFF2708ED14CF05FA36161 /* GetOudioCore.framework */ = {isa = PBXFileReference; explicitFileType = wrapper.framework; includeInIndex = 0; path = GetOudioCore.framework; sourceTree = BUILT_PRODUCTS_DIR; };
		4AD5E91E2A5C903C19F28C4E /* ffmpeg */ = {isa = PBXFileReference; lastKnownFileType = folder; name = ffmpeg; path = GetOudio/Resources/ThirdParty/ffmpeg; sourceTree = SOURCE_ROOT; };
		4BF24B8150C8DA146AEE6312 /* GetOudioCoreTests.xctest */ = {isa = PBXFileReference; explicitFileType = wrapper.cfbundle; includeInIndex = 0; path = GetOudioCoreTests.xctest; sourceTree = BUILT_PRODUCTS_DIR; };
		4FA258C519946194B2323E80 /* icon.icns */ = {isa = PBXFileReference; lastKnownFileType = image.icns; path = icon.icns; sourceTree = "<group>"; };
		52E9A2CCF2CA6AC6C81E4EC9 /* LaunchMarkerStore.swift */ = {isa = PBXFileReference; lastKnownFileType = sourcecode.swift; path = LaunchMarkerStore.swift; sourceTree = "<group>"; };
		54C8CCAA28BE713D16820038 /* AppIcon.icon */ = {isa = PBXFileReference; lastKnownFileType = folder.iconcomposer.icon; name = AppIcon.icon; path = GetOudio/Resources/AppIcon.icon; sourceTree = SOURCE_ROOT; };
		5824B80AB71359FF2011C2E0 /* NCMConversionService.swift */ = {isa = PBXFileReference; lastKnownFileType = sourcecode.swift; path = NCMConversionService.swift; sourceTree = "<group>"; };
		586B2314A6D6C0E188D4EF15 /* AppleMusicShareURLParser.swift */ = {isa = PBXFileReference; lastKnownFileType = sourcecode.swift; path = AppleMusicShareURLParser.swift; sourceTree = "<group>"; };
		6443C0992771CFEA49338C37 /* KeychainService.swift */ = {isa = PBXFileReference; lastKnownFileType = sourcecode.swift; path = KeychainService.swift; sourceTree = "<group>"; };
		6687368FC009B08493D049E3 /* ShareEventQueue.swift */ = {isa = PBXFileReference; lastKnownFileType = sourcecode.swift; path = ShareEventQueue.swift; sourceTree = "<group>"; };
		6BE0DC2B93928C094187FC44 /* .gitkeep */ = {isa = PBXFileReference; path = .gitkeep; sourceTree = "<group>"; };
		7085A54F704E59442755202F /* NormalLauncher.swift */ = {isa = PBXFileReference; lastKnownFileType = sourcecode.swift; path = NormalLauncher.swift; sourceTree = "<group>"; };
		7277FA0381ED5023AA2D587E /* NCMFileIcon.icns */ = {isa = PBXFileReference; lastKnownFileType = image.icns; path = NCMFileIcon.icns; sourceTree = "<group>"; };
		730C0C3FEA5DE504A597E570 /* AppleMusicShareDownloadCoordinator.swift */ = {isa = PBXFileReference; lastKnownFileType = sourcecode.swift; path = AppleMusicShareDownloadCoordinator.swift; sourceTree = "<group>"; };
		74D3AADF75639B9295A0B4BF /* AppConstants.swift */ = {isa = PBXFileReference; lastKnownFileType = sourcecode.swift; path = AppConstants.swift; sourceTree = "<group>"; };
		78BBD92AC5CAECA405A07511 /* Documentation */ = {isa = PBXFileReference; lastKnownFileType = folder; name = Documentation; path = GetOudio/Resources/Documentation; sourceTree = SOURCE_ROOT; };
		7E935EA0A23172AF7AE10BEB /* SettingsViewModel.swift */ = {isa = PBXFileReference; lastKnownFileType = sourcecode.swift; path = SettingsViewModel.swift; sourceTree = "<group>"; };
		7F29A548AD0635BE90D34456 /* JobQueue.swift */ = {isa = PBXFileReference; lastKnownFileType = sourcecode.swift; path = JobQueue.swift; sourceTree = "<group>"; };
		80F5F247C72D46445AD92B40 /* DiagnosticLog.swift */ = {isa = PBXFileReference; lastKnownFileType = sourcecode.swift; path = DiagnosticLog.swift; sourceTree = "<group>"; };
		830E304F412F81F410B833C8 /* JobRequest.swift */ = {isa = PBXFileReference; lastKnownFileType = sourcecode.swift; path = JobRequest.swift; sourceTree = "<group>"; };
		88FFAF2F427E7BBA50C57633 /* DependencyManager.swift */ = {isa = PBXFileReference; lastKnownFileType = sourcecode.swift; path = DependencyManager.swift; sourceTree = "<group>"; };
		8A7B57EFCFA3995627C9AC08 /* DefaultOpenWithSettingsModel.swift */ = {isa = PBXFileReference; lastKnownFileType = sourcecode.swift; path = DefaultOpenWithSettingsModel.swift; sourceTree = "<group>"; };
		8A94521F544FCDABB87C3F99 /* FinderDirectorySettingsModel.swift */ = {isa = PBXFileReference; lastKnownFileType = sourcecode.swift; path = FinderDirectorySettingsModel.swift; sourceTree = "<group>"; };
		8D142844D21B63D852AD8F4B /* OpenWithJobDispatcher.swift */ = {isa = PBXFileReference; lastKnownFileType = sourcecode.swift; path = OpenWithJobDispatcher.swift; sourceTree = "<group>"; };
		8D9341EFFB773C117429DF56 /* ProcessRunner.swift */ = {isa = PBXFileReference; lastKnownFileType = sourcecode.swift; path = ProcessRunner.swift; sourceTree = "<group>"; };
		8E1B72668091E326BEC5A293 /* Notifications.swift */ = {isa = PBXFileReference; lastKnownFileType = sourcecode.swift; path = Notifications.swift; sourceTree = "<group>"; };
		8E499867F50B2D0BF3348EE4 /* PendingAppleMusicDownloadStore.swift */ = {isa = PBXFileReference; lastKnownFileType = sourcecode.swift; path = PendingAppleMusicDownloadStore.swift; sourceTree = "<group>"; };
		931EDAB50D5DFF916FE75A07 /* AppleMusicDownloadMessageFormatter.swift */ = {isa = PBXFileReference; lastKnownFileType = sourcecode.swift; path = AppleMusicDownloadMessageFormatter.swift; sourceTree = "<group>"; };
		944D0886B6ADDE240A0D8BFB /* apple-music-downloader */ = {isa = PBXFileReference; lastKnownFileType = folder; name = "apple-music-downloader"; path = "GetOudio/Resources/ThirdParty/apple-music-downloader"; sourceTree = SOURCE_ROOT; };
		968CA7DFC4B0913F91E093B7 /* JobProgressPhase.swift */ = {isa = PBXFileReference; lastKnownFileType = sourcecode.swift; path = JobProgressPhase.swift; sourceTree = "<group>"; };
		96C485724CAA57FDA4F744D0 /* ConversionPreset.swift */ = {isa = PBXFileReference; lastKnownFileType = sourcecode.swift; path = ConversionPreset.swift; sourceTree = "<group>"; };
		9CEC2CD73CA5DB57DD39B2D2 /* DashboardView.swift */ = {isa = PBXFileReference; lastKnownFileType = sourcecode.swift; path = DashboardView.swift; sourceTree = "<group>"; };
		A31E47AC388151B7BA99BFE6 /* NotificationService.swift */ = {isa = PBXFileReference; lastKnownFileType = sourcecode.swift; path = NotificationService.swift; sourceTree = "<group>"; };
		B9C68E3D12622013AF3CB161 /* AppleMusicRuntimeManager.swift */ = {isa = PBXFileReference; lastKnownFileType = sourcecode.swift; path = AppleMusicRuntimeManager.swift; sourceTree = "<group>"; };
		C43975B92D52741C9A75DC77 /* GetOudioCoreTests.swift */ = {isa = PBXFileReference; lastKnownFileType = sourcecode.swift; path = GetOudioCoreTests.swift; sourceTree = "<group>"; };
		C63E67A469198DCFAAEF52A5 /* MainSettingsPages.swift */ = {isa = PBXFileReference; lastKnownFileType = sourcecode.swift; path = MainSettingsPages.swift; sourceTree = "<group>"; };
		C74C0865C3389B8416877170 /* AppleMusicDownloaderProgressParser.swift */ = {isa = PBXFileReference; lastKnownFileType = sourcecode.swift; path = AppleMusicDownloaderProgressParser.swift; sourceTree = "<group>"; };
		DBB5D4A69A9524F2BF4087DB /* PresetSettingsModel.swift */ = {isa = PBXFileReference; lastKnownFileType = sourcecode.swift; path = PresetSettingsModel.swift; sourceTree = "<group>"; };
		DCD1166F4ECCEF206816E275 /* AppleMusicWrapperRuntime.swift */ = {isa = PBXFileReference; lastKnownFileType = sourcecode.swift; path = AppleMusicWrapperRuntime.swift; sourceTree = "<group>"; };
		DF11B1E80B3F43236531D6A8 /* MediaExtractionService.swift */ = {isa = PBXFileReference; lastKnownFileType = sourcecode.swift; path = MediaExtractionService.swift; sourceTree = "<group>"; };
		E6C5A2F4790C8793FAFE44BD /* JobIntake.swift */ = {isa = PBXFileReference; lastKnownFileType = sourcecode.swift; path = JobIntake.swift; sourceTree = "<group>"; };
		E71B1DAE2F34CAAE4261B2F0 /* GetOudioFinderExtension.appex */ = {isa = PBXFileReference; explicitFileType = "wrapper.app-extension"; includeInIndex = 0; path = GetOudioFinderExtension.appex; sourceTree = BUILT_PRODUCTS_DIR; };
		ECC45B39B4FFC5F6D7ECA9FE /* DefaultOpenWithService.swift */ = {isa = PBXFileReference; lastKnownFileType = sourcecode.swift; path = DefaultOpenWithService.swift; sourceTree = "<group>"; };
		ECE3EE582980C639EF8D003F /* SettingsDocumentationView.swift */ = {isa = PBXFileReference; lastKnownFileType = sourcecode.swift; path = SettingsDocumentationView.swift; sourceTree = "<group>"; };
		F194F1D1BF8520F04C51A8C1 /* AgentMain.swift */ = {isa = PBXFileReference; lastKnownFileType = sourcecode.swift; path = AgentMain.swift; sourceTree = "<group>"; };
		F4EDD5FB0848FAF0C36888A6 /* AppleMusicSettingsModel.swift */ = {isa = PBXFileReference; lastKnownFileType = sourcecode.swift; path = AppleMusicSettingsModel.swift; sourceTree = "<group>"; };
		F7B61544D149878F77979B5A /* GetOudioAMRuntimeAgent.app */ = {isa = PBXFileReference; explicitFileType = wrapper.application; includeInIndex = 0; path = GetOudioAMRuntimeAgent.app; sourceTree = BUILT_PRODUCTS_DIR; };
		F806E2D0D02BD05E19A347FF /* ncmdump */ = {isa = PBXFileReference; lastKnownFileType = folder; name = ncmdump; path = GetOudio/Resources/ThirdParty/ncmdump; sourceTree = SOURCE_ROOT; };
		FCE6C13E6BA94A818DA3068B /* AudioConversionService.swift */ = {isa = PBXFileReference; lastKnownFileType = sourcecode.swift; path = AudioConversionService.swift; sourceTree = "<group>"; };
/* End PBXFileReference section */

/* Begin PBXFrameworksBuildPhase section */
		6792A374FE018BEA645D12FC /* Frameworks */ = {
			isa = PBXFrameworksBuildPhase;
			buildActionMask = 2147483647;
			files = (
				4C929C5B97ADD1C16FFF5544 /* GetOudioCore.framework in Frameworks */,
			);
			runOnlyForDeploymentPostprocessing = 0;
		};
		A31CE91B968A2E72A4A2DBC8 /* Frameworks */ = {
			isa = PBXFrameworksBuildPhase;
			buildActionMask = 2147483647;
			files = (
				1275386606BDFC5FA9E31D62 /* GetOudioCore.framework in Frameworks */,
			);
			runOnlyForDeploymentPostprocessing = 0;
		};
		C643FA021658140559891BF2 /* Frameworks */ = {
			isa = PBXFrameworksBuildPhase;
			buildActionMask = 2147483647;
			files = (
				627CEBE7088E7474514D3D37 /* GetOudioCore.framework in Frameworks */,
			);
			runOnlyForDeploymentPostprocessing = 0;
		};
		CB89E45DB93CB5C19E3BDD2E /* Frameworks */ = {
			isa = PBXFrameworksBuildPhase;
			buildActionMask = 2147483647;
			files = (
				4033D26C1DA591C4CEBBD6CC /* GetOudioCore.framework in Frameworks */,
			);
			runOnlyForDeploymentPostprocessing = 0;
		};
		E2439A25E293C1207420D9F0 /* Frameworks */ = {
			isa = PBXFrameworksBuildPhase;
			buildActionMask = 2147483647;
			files = (
				93C6BE7D8BA717C02E07961C /* GetOudioCore.framework in Frameworks */,
			);
			runOnlyForDeploymentPostprocessing = 0;
		};
/* End PBXFrameworksBuildPhase section */

/* Begin PBXGroup section */
		0948F2B5F4CA69BA62E8176F /* Sources */ = {
			isa = PBXGroup;
			children = (
				3BAE35EE3DFAC25E6DE04988 /* Models */,
				64FBBF7F800201068EC00DBE /* Services */,
				A084B515448677D27F7C739F /* Support */,
			);
			path = Sources;
			sourceTree = "<group>";
		};
		102DB913D423C375B2A61053 /* GetOudioAMRuntimeAgent */ = {
			isa = PBXGroup;
			children = (
				AE638C709A26DF127F968654 /* Sources */,
			);
			path = GetOudioAMRuntimeAgent;
			sourceTree = "<group>";
		};
		38216A3A01B34681C8FBE926 /* App */ = {
			isa = PBXGroup;
			children = (
				1435730CBD8D1117C241A57D /* HeadlessRunner.swift */,
				2D84480E867AAD02E3F55067 /* main.swift */,
				7085A54F704E59442755202F /* NormalLauncher.swift */,
				8E1B72668091E326BEC5A293 /* Notifications.swift */,
				8D142844D21B63D852AD8F4B /* OpenWithJobDispatcher.swift */,
				1A77C371986D7FC6E0D024B5 /* OpenWithPresetMenuController.swift */,
			);
			path = App;
			sourceTree = "<group>";
		};
		3BAE35EE3DFAC25E6DE04988 /* Models */ = {
			isa = PBXGroup;
			children = (
				96C485724CAA57FDA4F744D0 /* ConversionPreset.swift */,
				218718BFCE1EB8C4B99AED9F /* Dependency.swift */,
				4092C290A220FE1E53D899C9 /* FileCategory.swift */,
				968CA7DFC4B0913F91E093B7 /* JobProgressPhase.swift */,
				830E304F412F81F410B833C8 /* JobRequest.swift */,
			);
			path = Models;
			sourceTree = "<group>";
		};
		3D8FEB326FADC416A892FA56 /* GetOudioCore */ = {
			isa = PBXGroup;
			children = (
				0948F2B5F4CA69BA62E8176F /* Sources */,
				FC90E37BE3F9EAD323CC8EBE /* Tests */,
			);
			path = GetOudioCore;
			sourceTree = "<group>";
		};
		3DF77C990D8B349B2D007F07 /* Products */ = {
			isa = PBXGroup;
			children = (
				0709132ABB400330E134F753 /* GetOudio.app */,
				F7B61544D149878F77979B5A /* GetOudioAMRuntimeAgent.app */,
				49BFF2708ED14CF05FA36161 /* GetOudioCore.framework */,
				4BF24B8150C8DA146AEE6312 /* GetOudioCoreTests.xctest */,
				E71B1DAE2F34CAAE4261B2F0 /* GetOudioFinderExtension.appex */,
				43638432B32307180F0DC2FD /* GetOudioShareExtension.appex */,
			);
			name = Products;
			sourceTree = "<group>";
		};
		469811EC9210CB9C36BB5C08 /* Sources */ = {
			isa = PBXGroup;
			children = (
				260A59E1B28DDC4E921E9C39 /* FinderSync.swift */,
			);
			path = Sources;
			sourceTree = "<group>";
		};
		46D5FC4A9DE7A62CF1E092C4 /* Resources */ = {
			isa = PBXGroup;
			children = (
				54C8CCAA28BE713D16820038 /* AppIcon.icon */,
				78BBD92AC5CAECA405A07511 /* Documentation */,
				7277FA0381ED5023AA2D587E /* NCMFileIcon.icns */,
				ECE867F4C2F8E4FFDE4263F2 /* ThirdParty */,
			);
			path = Resources;
			sourceTree = "<group>";
		};
		4D7E7B8A9CC66920E8A608FC = {
			isa = PBXGroup;
			children = (
				75EDBBE0FB400424F6530F1C /* GetOudio */,
				102DB913D423C375B2A61053 /* GetOudioAMRuntimeAgent */,
				3D8FEB326FADC416A892FA56 /* GetOudioCore */,
				7F17B539629433A1A728EEE5 /* GetOudioFinderExtension */,
				BF7D3B8E69C5A4127940CBC2 /* GetOudioShareExtension */,
				3DF77C990D8B349B2D007F07 /* Products */,
			);
			sourceTree = "<group>";
		};
		51D73B5FCC755DBDB6E527E8 /* Resources */ = {
			isa = PBXGroup;
			children = (
				6BE0DC2B93928C094187FC44 /* .gitkeep */,
				4FA258C519946194B2323E80 /* icon.icns */,
			);
			path = Resources;
			sourceTree = "<group>";
		};
		64FBBF7F800201068EC00DBE /* Services */ = {
			isa = PBXGroup;
			children = (
				C74C0865C3389B8416877170 /* AppleMusicDownloaderProgressParser.swift */,
				931EDAB50D5DFF916FE75A07 /* AppleMusicDownloadMessageFormatter.swift */,
				0BB207379790847AB20869D3 /* AppleMusicDownloadService.swift */,
				323FD01C817E384689C4EAA8 /* AppleMusicRuntimeAgentClient.swift */,
				B9C68E3D12622013AF3CB161 /* AppleMusicRuntimeManager.swift */,
				586B2314A6D6C0E188D4EF15 /* AppleMusicShareURLParser.swift */,
				DCD1166F4ECCEF206816E275 /* AppleMusicWrapperRuntime.swift */,
				FCE6C13E6BA94A818DA3068B /* AudioConversionService.swift */,
				1C389A0C8BA4A129E65FAEA3 /* ColimaDockerRuntime.swift */,
				13B4DFE9D95E437DC5C2FDBF /* ConversionActionFactory.swift */,
				88FFAF2F427E7BBA50C57633 /* DependencyManager.swift */,
				E6C5A2F4790C8793FAFE44BD /* JobIntake.swift */,
				7F29A548AD0635BE90D34456 /* JobQueue.swift */,
				52E9A2CCF2CA6AC6C81E4EC9 /* LaunchMarkerStore.swift */,
				DF11B1E80B3F43236531D6A8 /* MediaExtractionService.swift */,
				5824B80AB71359FF2011C2E0 /* NCMConversionService.swift */,
				21A23B92406F8183901D2051 /* NotificationEventQueue.swift */,
				A31E47AC388151B7BA99BFE6 /* NotificationService.swift */,
				8E499867F50B2D0BF3348EE4 /* PendingAppleMusicDownloadStore.swift */,
				8D9341EFFB773C117429DF56 /* ProcessRunner.swift */,
				277323E37349CB4F0E1FDA52 /* SettingsStore.swift */,
				6687368FC009B08493D049E3 /* ShareEventQueue.swift */,
			);
			path = Services;
			sourceTree = "<group>";
		};
		75EDBBE0FB400424F6530F1C /* GetOudio */ = {
			isa = PBXGroup;
			children = (
				38216A3A01B34681C8FBE926 /* App */,
				89D6A081CD8FFECAC15A8F70 /* Models */,
				46D5FC4A9DE7A62CF1E092C4 /* Resources */,
				AC8830FC087B510324BC7887 /* Views */,
			);
			path = GetOudio;
			sourceTree = "<group>";
		};
		7F17B539629433A1A728EEE5 /* GetOudioFinderExtension */ = {
			isa = PBXGroup;
			children = (
				A6A6C8985F7D8F5AC4403B28 /* Resources */,
				469811EC9210CB9C36BB5C08 /* Sources */,
			);
			path = GetOudioFinderExtension;
			sourceTree = "<group>";
		};
		89D6A081CD8FFECAC15A8F70 /* Models */ = {
			isa = PBXGroup;
			children = (
				24D6241F048302C55FF222E9 /* AppleMusicRuntimeAgentLauncher.swift */,
				F4EDD5FB0848FAF0C36888A6 /* AppleMusicSettingsModel.swift */,
				730C0C3FEA5DE504A597E570 /* AppleMusicShareDownloadCoordinator.swift */,
				ECC45B39B4FFC5F6D7ECA9FE /* DefaultOpenWithService.swift */,
				8A7B57EFCFA3995627C9AC08 /* DefaultOpenWithSettingsModel.swift */,
				45B8F600ED7CF7F3BC4E8D67 /* DirectoryChooser.swift */,
				8A94521F544FCDABB87C3F99 /* FinderDirectorySettingsModel.swift */,
				6443C0992771CFEA49338C37 /* KeychainService.swift */,
				2D140BDEF696D4BCE7EDDCBB /* NCMSettingsModel.swift */,
				DBB5D4A69A9524F2BF4087DB /* PresetSettingsModel.swift */,
				7E935EA0A23172AF7AE10BEB /* SettingsViewModel.swift */,
				280B0F7AC8A13D4928A4F3EF /* SystemExtensionSettingsModel.swift */,
			);
			path = Models;
			sourceTree = "<group>";
		};
		A084B515448677D27F7C739F /* Support */ = {
			isa = PBXGroup;
			children = (
				74D3AADF75639B9295A0B4BF /* AppConstants.swift */,
				80F5F247C72D46445AD92B40 /* DiagnosticLog.swift */,
				07E142F989021D191723AA81 /* SharedContainer.swift */,
			);
			path = Support;
			sourceTree = "<group>";
		};
		A6A6C8985F7D8F5AC4403B28 /* Resources */ = {
			isa = PBXGroup;
			children = (
			);
			path = Resources;
			sourceTree = "<group>";
		};
		AC8830FC087B510324BC7887 /* Views */ = {
			isa = PBXGroup;
			children = (
				9CEC2CD73CA5DB57DD39B2D2 /* DashboardView.swift */,
				C63E67A469198DCFAAEF52A5 /* MainSettingsPages.swift */,
				0DC8B37B7E84B3163CBDECF5 /* MainView.swift */,
				ECE3EE582980C639EF8D003F /* SettingsDocumentationView.swift */,
			);
			path = Views;
			sourceTree = "<group>";
		};
		AE638C709A26DF127F968654 /* Sources */ = {
			isa = PBXGroup;
			children = (
				F194F1D1BF8520F04C51A8C1 /* AgentMain.swift */,
			);
			path = Sources;
			sourceTree = "<group>";
		};
		BF7D3B8E69C5A4127940CBC2 /* GetOudioShareExtension */ = {
			isa = PBXGroup;
			children = (
				51D73B5FCC755DBDB6E527E8 /* Resources */,
				D6379EDD6BCA80F8E20B69A7 /* Sources */,
			);
			path = GetOudioShareExtension;
			sourceTree = "<group>";
		};
		D6379EDD6BCA80F8E20B69A7 /* Sources */ = {
			isa = PBXGroup;
			children = (
				07A513B3F5F8C121D7D1145B /* ShareExtension.swift */,
			);
			path = Sources;
			sourceTree = "<group>";
		};
		ECE867F4C2F8E4FFDE4263F2 /* ThirdParty */ = {
			isa = PBXGroup;
			children = (
				944D0886B6ADDE240A0D8BFB /* apple-music-downloader */,
				4AD5E91E2A5C903C19F28C4E /* ffmpeg */,
				F806E2D0D02BD05E19A347FF /* ncmdump */,
			);
			path = ThirdParty;
			sourceTree = "<group>";
		};
		FC90E37BE3F9EAD323CC8EBE /* Tests */ = {
			isa = PBXGroup;
			children = (
				C43975B92D52741C9A75DC77 /* GetOudioCoreTests.swift */,
			);
			path = Tests;
			sourceTree = "<group>";
		};
/* End PBXGroup section */

/* Begin PBXNativeTarget section */
		14A0FE9FE15B05CBFDBA438B /* GetOudioCoreTests */ = {
			isa = PBXNativeTarget;
			buildConfigurationList = 3AF6FE8A1DE0B1368B54EC34 /* Build configuration list for PBXNativeTarget "GetOudioCoreTests" */;
			buildPhases = (
				A849F0CBB66E899B74DFCCCD /* Sources */,
				6792A374FE018BEA645D12FC /* Frameworks */,
				4CD890E01991BED226C7E00B /* Embed Frameworks */,
			);
			buildRules = (
			);
			dependencies = (
				9027553367E1EB7F99F2F45E /* PBXTargetDependency */,
			);
			name = GetOudioCoreTests;
			packageProductDependencies = (
			);
			productName = GetOudioCoreTests;
			productReference = 4BF24B8150C8DA146AEE6312 /* GetOudioCoreTests.xctest */;
			productType = "com.apple.product-type.bundle.unit-test";
		};
		771BA082D2D4EC90E96CE749 /* GetOudioAMRuntimeAgent */ = {
			isa = PBXNativeTarget;
			buildConfigurationList = 62524FC5D16EB858A9EE0EED /* Build configuration list for PBXNativeTarget "GetOudioAMRuntimeAgent" */;
			buildPhases = (
				D41390D03B11D1D479204BD2 /* Sources */,
				C643FA021658140559891BF2 /* Frameworks */,
				CD34036723D8C9708225B342 /* Embed Frameworks */,
			);
			buildRules = (
			);
			dependencies = (
				5BE315E740506DD13573269F /* PBXTargetDependency */,
			);
			name = GetOudioAMRuntimeAgent;
			packageProductDependencies = (
			);
			productName = GetOudioAMRuntimeAgent;
			productReference = F7B61544D149878F77979B5A /* GetOudioAMRuntimeAgent.app */;
			productType = "com.apple.product-type.application";
		};
		A4AAEF6C327EDD968B1A98C5 /* GetOudio */ = {
			isa = PBXNativeTarget;
			buildConfigurationList = 10243C244E566F18FCA42A0F /* Build configuration list for PBXNativeTarget "GetOudio" */;
			buildPhases = (
				641107FAE0DD2895D00A7A61 /* Sources */,
				0228F787F8F61CC4FF079223 /* Resources */,
				CB89E45DB93CB5C19E3BDD2E /* Frameworks */,
				A7404D723DF252EBC38A8CF4 /* Embed Foundation Extensions */,
				6F0A90185C0E9CE10A10C48A /* Embed Frameworks */,
				1B61F6C2C795AE948160319B /* Copy Apple Music Runtime Agent */,
			);
			buildRules = (
			);
			dependencies = (
				95C91FBF2F6B8C08E42B911D /* PBXTargetDependency */,
				641482CA6AE43AF361E9E9F8 /* PBXTargetDependency */,
				638AEA41CE95486B4AAD9156 /* PBXTargetDependency */,
				F3CE56CD2AEBBC9217225D3E /* PBXTargetDependency */,
			);
			name = GetOudio;
			packageProductDependencies = (
			);
			productName = GetOudio;
			productReference = 0709132ABB400330E134F753 /* GetOudio.app */;
			productType = "com.apple.product-type.application";
		};
		DCCB63A986CE40B8EBFBE2CF /* GetOudioFinderExtension */ = {
			isa = PBXNativeTarget;
			buildConfigurationList = 8F92F7DC7ADF870D27FB6763 /* Build configuration list for PBXNativeTarget "GetOudioFinderExtension" */;
			buildPhases = (
				371AAAA9A04C8F59EFACCFCE /* Sources */,
				A31CE91B968A2E72A4A2DBC8 /* Frameworks */,
			);
			buildRules = (
			);
			dependencies = (
				0DE09F2C216743325BA20250 /* PBXTargetDependency */,
			);
			name = GetOudioFinderExtension;
			packageProductDependencies = (
			);
			productName = GetOudioFinderExtension;
			productReference = E71B1DAE2F34CAAE4261B2F0 /* GetOudioFinderExtension.appex */;
			productType = "com.apple.product-type.app-extension";
		};
		E816029425E0A3BCF18A3C31 /* GetOudioShareExtension */ = {
			isa = PBXNativeTarget;
			buildConfigurationList = 5AA9C2B80599F82D3ACB70E4 /* Build configuration list for PBXNativeTarget "GetOudioShareExtension" */;
			buildPhases = (
				962F0DA33D9488F847E62E90 /* Sources */,
				0F266B7B03663F9B7EC402C4 /* Resources */,
				E2439A25E293C1207420D9F0 /* Frameworks */,
			);
			buildRules = (
			);
			dependencies = (
				AA4E49F733203D01A8A9E805 /* PBXTargetDependency */,
			);
			name = GetOudioShareExtension;
			packageProductDependencies = (
			);
			productName = GetOudioShareExtension;
			productReference = 43638432B32307180F0DC2FD /* GetOudioShareExtension.appex */;
			productType = "com.apple.product-type.app-extension";
		};
		F9246AF6FE72CF2A656008F0 /* GetOudioCore */ = {
			isa = PBXNativeTarget;
			buildConfigurationList = 5E1ABCCBC10D4B0EA3671016 /* Build configuration list for PBXNativeTarget "GetOudioCore" */;
			buildPhases = (
				4C93FD894D4322AA2F88199C /* Sources */,
			);
			buildRules = (
			);
			dependencies = (
			);
			name = GetOudioCore;
			packageProductDependencies = (
			);
			productName = GetOudioCore;
			productReference = 49BFF2708ED14CF05FA36161 /* GetOudioCore.framework */;
			productType = "com.apple.product-type.framework";
		};
/* End PBXNativeTarget section */

/* Begin PBXProject section */
		765A5E52E8CEDAD270702356 /* Project object */ = {
			isa = PBXProject;
			attributes = {
				BuildIndependentTargetsInParallel = YES;
				LastUpgradeCheck = 1430;
				TargetAttributes = {
					14A0FE9FE15B05CBFDBA438B = {
						DevelopmentTeam = ZWNUJ64F36;
						ProvisioningStyle = Automatic;
					};
					771BA082D2D4EC90E96CE749 = {
						DevelopmentTeam = ZWNUJ64F36;
						ProvisioningStyle = Automatic;
					};
					A4AAEF6C327EDD968B1A98C5 = {
						DevelopmentTeam = ZWNUJ64F36;
						ProvisioningStyle = Automatic;
					};
					DCCB63A986CE40B8EBFBE2CF = {
						DevelopmentTeam = ZWNUJ64F36;
						ProvisioningStyle = Automatic;
					};
					E816029425E0A3BCF18A3C31 = {
						DevelopmentTeam = ZWNUJ64F36;
						ProvisioningStyle = Automatic;
					};
					F9246AF6FE72CF2A656008F0 = {
						DevelopmentTeam = ZWNUJ64F36;
						ProvisioningStyle = Automatic;
					};
				};
			};
			buildConfigurationList = 29D2FF29FEECD70D405581B6 /* Build configuration list for PBXProject "GetOudio" */;
			developmentRegion = en;
			hasScannedForEncodings = 0;
			knownRegions = (
				Base,
				en,
			);
			mainGroup = 4D7E7B8A9CC66920E8A608FC;
			minimizedProjectReferenceProxies = 1;
			preferredProjectObjectVersion = 77;
			productRefGroup = 3DF77C990D8B349B2D007F07 /* Products */;
			projectDirPath = "";
			projectRoot = "";
			targets = (
				A4AAEF6C327EDD968B1A98C5 /* GetOudio */,
				771BA082D2D4EC90E96CE749 /* GetOudioAMRuntimeAgent */,
				F9246AF6FE72CF2A656008F0 /* GetOudioCore */,
				14A0FE9FE15B05CBFDBA438B /* GetOudioCoreTests */,
				DCCB63A986CE40B8EBFBE2CF /* GetOudioFinderExtension */,
				E816029425E0A3BCF18A3C31 /* GetOudioShareExtension */,
			);
		};
/* End PBXProject section */

/* Begin PBXResourcesBuildPhase section */
		0228F787F8F61CC4FF079223 /* Resources */ = {
			isa = PBXResourcesBuildPhase;
			buildActionMask = 2147483647;
			files = (
				043B134B72CE2E5637C11530 /* AppIcon.icon in Resources */,
				A32095A60C634D85C3E1E64C /* Documentation in Resources */,
				4F57CEC14D119E7A78D11488 /* NCMFileIcon.icns in Resources */,
				3AD5723738429067C46F5E53 /* apple-music-downloader in Resources */,
				D0471A3CCE40DBACF8511587 /* ffmpeg in Resources */,
				3C4CA233D572B5BA3D1A397F /* ncmdump in Resources */,
			);
			runOnlyForDeploymentPostprocessing = 0;
		};
		0F266B7B03663F9B7EC402C4 /* Resources */ = {
			isa = PBXResourcesBuildPhase;
			buildActionMask = 2147483647;
			files = (
				5AF71DB85909A76FAC7A896C /* icon.icns in Resources */,
			);
			runOnlyForDeploymentPostprocessing = 0;
		};
/* End PBXResourcesBuildPhase section */

/* Begin PBXShellScriptBuildPhase section */
		1B61F6C2C795AE948160319B /* Copy Apple Music Runtime Agent */ = {
			isa = PBXShellScriptBuildPhase;
			buildActionMask = 2147483647;
			files = (
			);
			inputFileListPaths = (
			);
			inputPaths = (
				"$(BUILT_PRODUCTS_DIR)/GetOudioAMRuntimeAgent.app/Contents/MacOS/GetOudioAMRuntimeAgent",
			);
			name = "Copy Apple Music Runtime Agent";
			outputFileListPaths = (
			);
			outputPaths = (
				"$(TARGET_BUILD_DIR)/$(CONTENTS_FOLDER_PATH)/Library/LoginItems/GetOudioAMRuntimeAgent.app/Contents/MacOS/GetOudioAMRuntimeAgent",
			);
			runOnlyForDeploymentPostprocessing = 0;
			shellPath = /bin/sh;
			shellScript = "set -euo pipefail\nAGENT_APP=\"$BUILT_PRODUCTS_DIR/GetOudioAMRuntimeAgent.app\"\nDEST=\"$TARGET_BUILD_DIR/$CONTENTS_FOLDER_PATH/Library/LoginItems\"\nLEGACY_DEST=\"$TARGET_BUILD_DIR/$CONTENTS_FOLDER_PATH/Helpers\"\nmkdir -p \"$DEST\"\nif [ ! -d \"$AGENT_APP\" ]; then\n  echo \"missing Apple Music Runtime Agent app at $AGENT_APP\" >&2\n  exit 1\nfi\nrm -rf \"$LEGACY_DEST/GetOudioAMRuntimeAgent.app\"\nrm -rf \"$DEST/GetOudioAMRuntimeAgent.app\"\ncp -R \"$AGENT_APP\" \"$DEST/GetOudioAMRuntimeAgent.app\"\n";
		};
/* End PBXShellScriptBuildPhase section */

/* Begin PBXSourcesBuildPhase section */
		371AAAA9A04C8F59EFACCFCE /* Sources */ = {
			isa = PBXSourcesBuildPhase;
			buildActionMask = 2147483647;
			files = (
				553A9EBFF18953287DAE4119 /* FinderSync.swift in Sources */,
			);
			runOnlyForDeploymentPostprocessing = 0;
		};
		4C93FD894D4322AA2F88199C /* Sources */ = {
			isa = PBXSourcesBuildPhase;
			buildActionMask = 2147483647;
			files = (
				7E4140D91A905E5B8076794C /* AppConstants.swift in Sources */,
				E1B3141EC2CA92A068CAEA90 /* AppleMusicDownloadMessageFormatter.swift in Sources */,
				DE31BC37B7DA0B57A7594782 /* AppleMusicDownloadService.swift in Sources */,
				1A5F3EF77607777EBD03007A /* AppleMusicDownloaderProgressParser.swift in Sources */,
				BA2B129FF3760A61CFEEF0E2 /* AppleMusicRuntimeAgentClient.swift in Sources */,
				9592ABD5238190A0FECF2673 /* AppleMusicRuntimeManager.swift in Sources */,
				FD34FCD24271E50D12647574 /* AppleMusicShareURLParser.swift in Sources */,
				3588567EC971BABD0CD8BDEE /* AppleMusicWrapperRuntime.swift in Sources */,
				AD82AD58BE8240DDF4201215 /* AudioConversionService.swift in Sources */,
				84E264F729CDCBA406A0C041 /* ColimaDockerRuntime.swift in Sources */,
				CBD2CF1093293B2DB633A1F5 /* ConversionActionFactory.swift in Sources */,
				AFFB08D96001497CFBF8AC88 /* ConversionPreset.swift in Sources */,
				D3B2A574D58BB6A994DDC271 /* Dependency.swift in Sources */,
				915F26D681FDC2E5CA3D9B83 /* DependencyManager.swift in Sources */,
				8A2E661CDF858F0C513EA975 /* DiagnosticLog.swift in Sources */,
				91E4AFF82D841A7EC3CAEE5C /* FileCategory.swift in Sources */,
				38433545DB5236C9997DC357 /* JobIntake.swift in Sources */,
				52BD90AFFCB576C038304959 /* JobProgressPhase.swift in Sources */,
				2A6A646F2170DC2516434BF2 /* JobQueue.swift in Sources */,
				A8AF384073CDDFCAADE1383D /* JobRequest.swift in Sources */,
				8FFCE884D7BC03D9A2B1F5B7 /* LaunchMarkerStore.swift in Sources */,
				D52AE571DC64BBCF63A285E3 /* MediaExtractionService.swift in Sources */,
				1830DE3F5D6F7D43C5BC7923 /* NCMConversionService.swift in Sources */,
				0D20ED1C18BE4AAD9EE1311C /* NotificationEventQueue.swift in Sources */,
				A284874C51E3738AEDC9BC65 /* NotificationService.swift in Sources */,
				EF31BFBD5ED668E16699BCD0 /* PendingAppleMusicDownloadStore.swift in Sources */,
				7E091D7050D2D90DC030B7FA /* ProcessRunner.swift in Sources */,
				1E2BA6165226BFEB0082B779 /* SettingsStore.swift in Sources */,
				DE40E324B1CCD0A87D29DBD9 /* ShareEventQueue.swift in Sources */,
				1E4668A8BDB0F2F9431B77C9 /* SharedContainer.swift in Sources */,
			);
			runOnlyForDeploymentPostprocessing = 0;
		};
		641107FAE0DD2895D00A7A61 /* Sources */ = {
			isa = PBXSourcesBuildPhase;
			buildActionMask = 2147483647;
			files = (
				7ED8DE418C76BCDE5276D98A /* AppleMusicRuntimeAgentLauncher.swift in Sources */,
				DD1D825184E9AD2BDC9822F4 /* AppleMusicSettingsModel.swift in Sources */,
				4F96746273724F3BDA14439E /* AppleMusicShareDownloadCoordinator.swift in Sources */,
				28D57F1082E7B71F53AB415F /* DashboardView.swift in Sources */,
				1361F214AA8EAF0ACE04658B /* DefaultOpenWithService.swift in Sources */,
				6E9FE41DFB6BDAA6FB845C9A /* DefaultOpenWithSettingsModel.swift in Sources */,
				B8EA68949879206D459B8577 /* DirectoryChooser.swift in Sources */,
				10E03364A2A9B61054AF7D07 /* FinderDirectorySettingsModel.swift in Sources */,
				2F9FB03C3C2FD83ADA63BE09 /* HeadlessRunner.swift in Sources */,
				AE8147EEC4CD65401A029982 /* KeychainService.swift in Sources */,
				9A58A40606282A3F920A071F /* MainSettingsPages.swift in Sources */,
				0E537BFEFE1F926149378250 /* MainView.swift in Sources */,
				CDB96F8DD0D55AE6E4146A47 /* NCMSettingsModel.swift in Sources */,
				E79AF9E57B6BD2E7727720E1 /* NormalLauncher.swift in Sources */,
				FA893849DFEE336E870C6F8F /* Notifications.swift in Sources */,
				2B42E847986CC7B87B603885 /* OpenWithJobDispatcher.swift in Sources */,
				F87C352EC57D852A187D0EAF /* OpenWithPresetMenuController.swift in Sources */,
				A244B0BDB474A7B4712BD80F /* PresetSettingsModel.swift in Sources */,
				0BEB235A871AD3566C4C1F7E /* SettingsDocumentationView.swift in Sources */,
				21909135C633A36CA4A2EBCA /* SettingsViewModel.swift in Sources */,
				893000D007353B9BF9F71CBC /* SystemExtensionSettingsModel.swift in Sources */,
				995A3254ABC5325D7D583905 /* main.swift in Sources */,
			);
			runOnlyForDeploymentPostprocessing = 0;
		};
		962F0DA33D9488F847E62E90 /* Sources */ = {
			isa = PBXSourcesBuildPhase;
			buildActionMask = 2147483647;
			files = (
				DF7AFFED926401D5521EAF82 /* ShareExtension.swift in Sources */,
			);
			runOnlyForDeploymentPostprocessing = 0;
		};
		A849F0CBB66E899B74DFCCCD /* Sources */ = {
			isa = PBXSourcesBuildPhase;
			buildActionMask = 2147483647;
			files = (
				B96987E37666C7F4E82D6AB3 /* GetOudioCoreTests.swift in Sources */,
			);
			runOnlyForDeploymentPostprocessing = 0;
		};
		D41390D03B11D1D479204BD2 /* Sources */ = {
			isa = PBXSourcesBuildPhase;
			buildActionMask = 2147483647;
			files = (
				3629BE86D263E7B1F003F248 /* AgentMain.swift in Sources */,
			);
			runOnlyForDeploymentPostprocessing = 0;
		};
/* End PBXSourcesBuildPhase section */

/* Begin PBXTargetDependency section */
		0DE09F2C216743325BA20250 /* PBXTargetDependency */ = {
			isa = PBXTargetDependency;
			target = F9246AF6FE72CF2A656008F0 /* GetOudioCore */;
			targetProxy = DDDE9BAAFA8395065647D08B /* PBXContainerItemProxy */;
		};
		5BE315E740506DD13573269F /* PBXTargetDependency */ = {
			isa = PBXTargetDependency;
			target = F9246AF6FE72CF2A656008F0 /* GetOudioCore */;
			targetProxy = 4C06EF9BE372E507D05BE5FE /* PBXContainerItemProxy */;
		};
		638AEA41CE95486B4AAD9156 /* PBXTargetDependency */ = {
			isa = PBXTargetDependency;
			target = DCCB63A986CE40B8EBFBE2CF /* GetOudioFinderExtension */;
			targetProxy = 06528AF10FA2B05B7303EA7C /* PBXContainerItemProxy */;
		};
		641482CA6AE43AF361E9E9F8 /* PBXTargetDependency */ = {
			isa = PBXTargetDependency;
			target = 771BA082D2D4EC90E96CE749 /* GetOudioAMRuntimeAgent */;
			targetProxy = AE19CF3B690919C60D79BBC8 /* PBXContainerItemProxy */;
		};
		9027553367E1EB7F99F2F45E /* PBXTargetDependency */ = {
			isa = PBXTargetDependency;
			target = F9246AF6FE72CF2A656008F0 /* GetOudioCore */;
			targetProxy = EE73AFC0232840C678004846 /* PBXContainerItemProxy */;
		};
		95C91FBF2F6B8C08E42B911D /* PBXTargetDependency */ = {
			isa = PBXTargetDependency;
			target = F9246AF6FE72CF2A656008F0 /* GetOudioCore */;
			targetProxy = B71E9CBDE90258119F31A523 /* PBXContainerItemProxy */;
		};
		AA4E49F733203D01A8A9E805 /* PBXTargetDependency */ = {
			isa = PBXTargetDependency;
			target = F9246AF6FE72CF2A656008F0 /* GetOudioCore */;
			targetProxy = BE435B46D09D2B845C5AB1C5 /* PBXContainerItemProxy */;
		};
		F3CE56CD2AEBBC9217225D3E /* PBXTargetDependency */ = {
			isa = PBXTargetDependency;
			target = E816029425E0A3BCF18A3C31 /* GetOudioShareExtension */;
			targetProxy = F79FE79FFF62F1C9534D5040 /* PBXContainerItemProxy */;
		};
/* End PBXTargetDependency section */

/* Begin XCBuildConfiguration section */
		029790475C500B4617AA6DB3 /* Release */ = {
			isa = XCBuildConfiguration;
			buildSettings = {
				ASSETCATALOG_COMPILER_APPICON_NAME = AppIcon;
				ASSETCATALOG_COMPILER_SKIP_APP_STORE_DEPLOYMENT = YES;
				ASSETCATALOG_COMPILER_STANDALONE_ICON_BEHAVIOR = default;
				CODE_SIGN_ENTITLEMENTS = GetOudio/GetOudio.entitlements;
				COMBINE_HIDPI_IMAGES = YES;
				ENABLE_APP_SANDBOX = YES;
				INFOPLIST_FILE = GetOudio/Info.plist;
				LD_RUNPATH_SEARCH_PATHS = (
					"$(inherited)",
					"@executable_path/../Frameworks",
				);
				PRODUCT_BUNDLE_IDENTIFIER = com.shengjiacheng.GetOudio;
				PRODUCT_NAME = "Get Oudio";
				SDKROOT = macosx;
			};
			name = Release;
		};
		05F07F816C39725C26F3F1DE /* Release */ = {
			isa = XCBuildConfiguration;
			buildSettings = {
				ASSETCATALOG_COMPILER_APPICON_NAME = AppIcon;
				CODE_SIGN_ENTITLEMENTS = GetOudioAMRuntimeAgent/GetOudioAMRuntimeAgent.entitlements;
				COMBINE_HIDPI_IMAGES = YES;
				INFOPLIST_FILE = GetOudioAMRuntimeAgent/Info.plist;
				LD_RUNPATH_SEARCH_PATHS = (
					"$(inherited)",
					"@executable_path/../Frameworks",
				);
				PRODUCT_BUNDLE_IDENTIFIER = com.shengjiacheng.GetOudio.AMRuntimeAgent;
				PRODUCT_NAME = GetOudioAMRuntimeAgent;
				SDKROOT = macosx;
			};
			name = Release;
		};
		1444178131C13867DDE179A0 /* Debug */ = {
			isa = XCBuildConfiguration;
			buildSettings = {
				BUNDLE_LOADER = "$(TEST_HOST)";
				COMBINE_HIDPI_IMAGES = YES;
				GENERATE_INFOPLIST_FILE = YES;
				LD_RUNPATH_SEARCH_PATHS = (
					"$(inherited)",
					"@executable_path/../Frameworks",
					"@loader_path/../Frameworks",
				);
				PRODUCT_BUNDLE_IDENTIFIER = com.shengjiacheng.GetOudioCoreTests;
				SDKROOT = macosx;
			};
			name = Debug;
		};
		1782ECA77FEC4CB44DB3B8B2 /* Debug */ = {
			isa = XCBuildConfiguration;
			buildSettings = {
				ASSETCATALOG_COMPILER_APPICON_NAME = AppIcon;
				CODE_SIGN_ENTITLEMENTS = GetOudioAMRuntimeAgent/GetOudioAMRuntimeAgent.entitlements;
				COMBINE_HIDPI_IMAGES = YES;
				INFOPLIST_FILE = GetOudioAMRuntimeAgent/Info.plist;
				LD_RUNPATH_SEARCH_PATHS = (
					"$(inherited)",
					"@executable_path/../Frameworks",
				);
				PRODUCT_BUNDLE_IDENTIFIER = com.shengjiacheng.GetOudio.AMRuntimeAgent;
				PRODUCT_NAME = GetOudioAMRuntimeAgent;
				SDKROOT = macosx;
			};
			name = Debug;
		};
		2F663E9C53FAF068E33B948C /* Release */ = {
			isa = XCBuildConfiguration;
			buildSettings = {
				CODE_SIGN_IDENTITY = "";
				COMBINE_HIDPI_IMAGES = YES;
				CURRENT_PROJECT_VERSION = 1;
				DEFINES_MODULE = YES;
				DYLIB_COMPATIBILITY_VERSION = 1;
				DYLIB_CURRENT_VERSION = 1;
				DYLIB_INSTALL_NAME_BASE = "@rpath";
				INFOPLIST_FILE = GetOudioCore/Info.plist;
				INSTALL_PATH = "$(LOCAL_LIBRARY_DIR)/Frameworks";
				LD_RUNPATH_SEARCH_PATHS = (
					"$(inherited)",
					"@executable_path/../Frameworks",
				);
				PRODUCT_BUNDLE_IDENTIFIER = com.shengjiacheng.GetOudioCore;
				PRODUCT_NAME = GetOudioCore;
				SDKROOT = macosx;
				SKIP_INSTALL = YES;
				VERSIONING_SYSTEM = "apple-generic";
			};
			name = Release;
		};
		3291F69E10827E1D2B4B9B82 /* Debug */ = {
			isa = XCBuildConfiguration;
			buildSettings = {
				CODE_SIGN_ENTITLEMENTS = GetOudioShareExtension/GetOudioShareExtension.entitlements;
				COMBINE_HIDPI_IMAGES = YES;
				ENABLE_APP_SANDBOX = YES;
				ENABLE_HARDENED_RUNTIME = YES;
				INFOPLIST_FILE = GetOudioShareExtension/Info.plist;
				LD_RUNPATH_SEARCH_PATHS = (
					"$(inherited)",
					"@executable_path/../Frameworks",
					"@executable_path/../../../../Frameworks",
				);
				PRODUCT_BUNDLE_IDENTIFIER = com.shengjiacheng.GetOudio.ShareExtension;
				PRODUCT_NAME = GetOudioShareExtension;
				SDKROOT = macosx;
			};
			name = Debug;
		};
		4B6F299545EAC8C798088E6D /* Debug */ = {
			isa = XCBuildConfiguration;
			buildSettings = {
				ALWAYS_SEARCH_USER_PATHS = NO;
				CLANG_ANALYZER_LOCALIZABILITY_NONLOCALIZED = YES;
				CLANG_ANALYZER_NONNULL = YES;
				CLANG_ANALYZER_NUMBER_OBJECT_CONVERSION = YES_AGGRESSIVE;
				CLANG_CXX_LANGUAGE_STANDARD = "gnu++14";
				CLANG_CXX_LIBRARY = "libc++";
				CLANG_ENABLE_MODULES = YES;
				CLANG_ENABLE_OBJC_ARC = YES;
				CLANG_ENABLE_OBJC_WEAK = YES;
				CLANG_WARN_BLOCK_CAPTURE_AUTORELEASING = YES;
				CLANG_WARN_BOOL_CONVERSION = YES;
				CLANG_WARN_COMMA = YES;
				CLANG_WARN_CONSTANT_CONVERSION = YES;
				CLANG_WARN_DEPRECATED_OBJC_IMPLEMENTATIONS = YES;
				CLANG_WARN_DIRECT_OBJC_ISA_USAGE = YES_ERROR;
				CLANG_WARN_DOCUMENTATION_COMMENTS = YES;
				CLANG_WARN_EMPTY_BODY = YES;
				CLANG_WARN_ENUM_CONVERSION = YES;
				CLANG_WARN_INFINITE_RECURSION = YES;
				CLANG_WARN_INT_CONVERSION = YES;
				CLANG_WARN_NON_LITERAL_NULL_CONVERSION = YES;
				CLANG_WARN_OBJC_IMPLICIT_RETAIN_SELF = YES;
				CLANG_WARN_OBJC_LITERAL_CONVERSION = YES;
				CLANG_WARN_OBJC_ROOT_CLASS = YES_ERROR;
				CLANG_WARN_QUOTED_INCLUDE_IN_FRAMEWORK_HEADER = YES;
				CLANG_WARN_RANGE_LOOP_ANALYSIS = YES;
				CLANG_WARN_STRICT_PROTOTYPES = YES;
				CLANG_WARN_SUSPICIOUS_MOVE = YES;
				CLANG_WARN_UNGUARDED_AVAILABILITY = YES_AGGRESSIVE;
				CLANG_WARN_UNREACHABLE_CODE = YES;
				CLANG_WARN__DUPLICATE_METHOD_MATCH = YES;
				CODE_SIGN_STYLE = Automatic;
				COPY_PHASE_STRIP = NO;
				CURRENT_PROJECT_VERSION = 1;
				DEBUG_INFORMATION_FORMAT = dwarf;
				DEVELOPMENT_TEAM = ZWNUJ64F36;
				ENABLE_STRICT_OBJC_MSGSEND = YES;
				ENABLE_TESTABILITY = YES;
				GCC_C_LANGUAGE_STANDARD = gnu11;
				GCC_DYNAMIC_NO_PIC = NO;
				GCC_NO_COMMON_BLOCKS = YES;
				GCC_OPTIMIZATION_LEVEL = 0;
				GCC_PREPROCESSOR_DEFINITIONS = (
					"$(inherited)",
					"DEBUG=1",
				);
				GCC_WARN_64_TO_32_BIT_CONVERSION = YES;
				GCC_WARN_ABOUT_RETURN_TYPE = YES_ERROR;
				GCC_WARN_UNDECLARED_SELECTOR = YES;
				GCC_WARN_UNINITIALIZED_AUTOS = YES_AGGRESSIVE;
				GCC_WARN_UNUSED_FUNCTION = YES;
				GCC_WARN_UNUSED_VARIABLE = YES;
				MACOSX_DEPLOYMENT_TARGET = 14.0;
				MARKETING_VERSION = 1.0;
				MTL_ENABLE_DEBUG_INFO = INCLUDE_SOURCE;
				MTL_FAST_MATH = YES;
				ONLY_ACTIVE_ARCH = YES;
				PRODUCT_NAME = "$(TARGET_NAME)";
				SDKROOT = macosx;
				SWIFT_ACTIVE_COMPILATION_CONDITIONS = DEBUG;
				SWIFT_OPTIMIZATION_LEVEL = "-Onone";
				SWIFT_VERSION = 5.0;
			};
			name = Debug;
		};
		53566FAD76AB948B84D982EF /* Release */ = {
			isa = XCBuildConfiguration;
			buildSettings = {
				ALWAYS_SEARCH_USER_PATHS = NO;
				CLANG_ANALYZER_LOCALIZABILITY_NONLOCALIZED = YES;
				CLANG_ANALYZER_NONNULL = YES;
				CLANG_ANALYZER_NUMBER_OBJECT_CONVERSION = YES_AGGRESSIVE;
				CLANG_CXX_LANGUAGE_STANDARD = "gnu++14";
				CLANG_CXX_LIBRARY = "libc++";
				CLANG_ENABLE_MODULES = YES;
				CLANG_ENABLE_OBJC_ARC = YES;
				CLANG_ENABLE_OBJC_WEAK = YES;
				CLANG_WARN_BLOCK_CAPTURE_AUTORELEASING = YES;
				CLANG_WARN_BOOL_CONVERSION = YES;
				CLANG_WARN_COMMA = YES;
				CLANG_WARN_CONSTANT_CONVERSION = YES;
				CLANG_WARN_DEPRECATED_OBJC_IMPLEMENTATIONS = YES;
				CLANG_WARN_DIRECT_OBJC_ISA_USAGE = YES_ERROR;
				CLANG_WARN_DOCUMENTATION_COMMENTS = YES;
				CLANG_WARN_EMPTY_BODY = YES;
				CLANG_WARN_ENUM_CONVERSION = YES;
				CLANG_WARN_INFINITE_RECURSION = YES;
				CLANG_WARN_INT_CONVERSION = YES;
				CLANG_WARN_NON_LITERAL_NULL_CONVERSION = YES;
				CLANG_WARN_OBJC_IMPLICIT_RETAIN_SELF = YES;
				CLANG_WARN_OBJC_LITERAL_CONVERSION = YES;
				CLANG_WARN_OBJC_ROOT_CLASS = YES_ERROR;
				CLANG_WARN_QUOTED_INCLUDE_IN_FRAMEWORK_HEADER = YES;
				CLANG_WARN_RANGE_LOOP_ANALYSIS = YES;
				CLANG_WARN_STRICT_PROTOTYPES = YES;
				CLANG_WARN_SUSPICIOUS_MOVE = YES;
				CLANG_WARN_UNGUARDED_AVAILABILITY = YES_AGGRESSIVE;
				CLANG_WARN_UNREACHABLE_CODE = YES;
				CLANG_WARN__DUPLICATE_METHOD_MATCH = YES;
				CODE_SIGN_STYLE = Automatic;
				COPY_PHASE_STRIP = NO;
				CURRENT_PROJECT_VERSION = 1;
				DEBUG_INFORMATION_FORMAT = "dwarf-with-dsym";
				DEVELOPMENT_TEAM = ZWNUJ64F36;
				ENABLE_NS_ASSERTIONS = NO;
				ENABLE_STRICT_OBJC_MSGSEND = YES;
				GCC_C_LANGUAGE_STANDARD = gnu11;
				GCC_NO_COMMON_BLOCKS = YES;
				GCC_WARN_64_TO_32_BIT_CONVERSION = YES;
				GCC_WARN_ABOUT_RETURN_TYPE = YES_ERROR;
				GCC_WARN_UNDECLARED_SELECTOR = YES;
				GCC_WARN_UNINITIALIZED_AUTOS = YES_AGGRESSIVE;
				GCC_WARN_UNUSED_FUNCTION = YES;
				GCC_WARN_UNUSED_VARIABLE = YES;
				MACOSX_DEPLOYMENT_TARGET = 14.0;
				MARKETING_VERSION = 1.0;
				MTL_ENABLE_DEBUG_INFO = NO;
				MTL_FAST_MATH = YES;
				PRODUCT_NAME = "$(TARGET_NAME)";
				SDKROOT = macosx;
				SWIFT_COMPILATION_MODE = wholemodule;
				SWIFT_OPTIMIZATION_LEVEL = "-O";
				SWIFT_VERSION = 5.0;
			};
			name = Release;
		};
		740312CC2FC4A3C9F67FC310 /* Release */ = {
			isa = XCBuildConfiguration;
			buildSettings = {
				CODE_SIGN_ENTITLEMENTS = GetOudioShareExtension/GetOudioShareExtension.entitlements;
				COMBINE_HIDPI_IMAGES = YES;
				ENABLE_APP_SANDBOX = YES;
				ENABLE_HARDENED_RUNTIME = YES;
				INFOPLIST_FILE = GetOudioShareExtension/Info.plist;
				LD_RUNPATH_SEARCH_PATHS = (
					"$(inherited)",
					"@executable_path/../Frameworks",
					"@executable_path/../../../../Frameworks",
				);
				PRODUCT_BUNDLE_IDENTIFIER = com.shengjiacheng.GetOudio.ShareExtension;
				PRODUCT_NAME = GetOudioShareExtension;
				SDKROOT = macosx;
			};
			name = Release;
		};
		80A93F9D09C9595EA5927F8C /* Debug */ = {
			isa = XCBuildConfiguration;
			buildSettings = {
				CODE_SIGN_ENTITLEMENTS = GetOudioFinderExtension/GetOudioFinderExtension.entitlements;
				COMBINE_HIDPI_IMAGES = YES;
				ENABLE_APP_SANDBOX = YES;
				INFOPLIST_FILE = GetOudioFinderExtension/Info.plist;
				LD_RUNPATH_SEARCH_PATHS = (
					"$(inherited)",
					"@executable_path/../Frameworks",
					"@executable_path/../../../../Frameworks",
				);
				PRODUCT_BUNDLE_IDENTIFIER = com.shengjiacheng.GetOudio.FinderExtension;
				PRODUCT_NAME = GetOudioFinderExtension;
				SDKROOT = macosx;
			};
			name = Debug;
		};
		BEB45274C7C3D68B62D74372 /* Debug */ = {
			isa = XCBuildConfiguration;
			buildSettings = {
				ASSETCATALOG_COMPILER_APPICON_NAME = AppIcon;
				ASSETCATALOG_COMPILER_SKIP_APP_STORE_DEPLOYMENT = YES;
				ASSETCATALOG_COMPILER_STANDALONE_ICON_BEHAVIOR = default;
				CODE_SIGN_ENTITLEMENTS = GetOudio/GetOudio.entitlements;
				COMBINE_HIDPI_IMAGES = YES;
				ENABLE_APP_SANDBOX = YES;
				INFOPLIST_FILE = GetOudio/Info.plist;
				LD_RUNPATH_SEARCH_PATHS = (
					"$(inherited)",
					"@executable_path/../Frameworks",
				);
				PRODUCT_BUNDLE_IDENTIFIER = com.shengjiacheng.GetOudio;
				PRODUCT_NAME = "Get Oudio";
				SDKROOT = macosx;
			};
			name = Debug;
		};
		D08A857CFDB47C6186D1886F /* Release */ = {
			isa = XCBuildConfiguration;
			buildSettings = {
				CODE_SIGN_ENTITLEMENTS = GetOudioFinderExtension/GetOudioFinderExtension.entitlements;
				COMBINE_HIDPI_IMAGES = YES;
				ENABLE_APP_SANDBOX = YES;
				INFOPLIST_FILE = GetOudioFinderExtension/Info.plist;
				LD_RUNPATH_SEARCH_PATHS = (
					"$(inherited)",
					"@executable_path/../Frameworks",
					"@executable_path/../../../../Frameworks",
				);
				PRODUCT_BUNDLE_IDENTIFIER = com.shengjiacheng.GetOudio.FinderExtension;
				PRODUCT_NAME = GetOudioFinderExtension;
				SDKROOT = macosx;
			};
			name = Release;
		};
		E37F5678C9122F4F26C97FA7 /* Release */ = {
			isa = XCBuildConfiguration;
			buildSettings = {
				BUNDLE_LOADER = "$(TEST_HOST)";
				COMBINE_HIDPI_IMAGES = YES;
				GENERATE_INFOPLIST_FILE = YES;
				LD_RUNPATH_SEARCH_PATHS = (
					"$(inherited)",
					"@executable_path/../Frameworks",
					"@loader_path/../Frameworks",
				);
				PRODUCT_BUNDLE_IDENTIFIER = com.shengjiacheng.GetOudioCoreTests;
				SDKROOT = macosx;
			};
			name = Release;
		};
		F18B869BA0E06BADF1409B24 /* Debug */ = {
			isa = XCBuildConfiguration;
			buildSettings = {
				CODE_SIGN_IDENTITY = "";
				COMBINE_HIDPI_IMAGES = YES;
				CURRENT_PROJECT_VERSION = 1;
				DEFINES_MODULE = YES;
				DYLIB_COMPATIBILITY_VERSION = 1;
				DYLIB_CURRENT_VERSION = 1;
				DYLIB_INSTALL_NAME_BASE = "@rpath";
				INFOPLIST_FILE = GetOudioCore/Info.plist;
				INSTALL_PATH = "$(LOCAL_LIBRARY_DIR)/Frameworks";
				LD_RUNPATH_SEARCH_PATHS = (
					"$(inherited)",
					"@executable_path/../Frameworks",
				);
				PRODUCT_BUNDLE_IDENTIFIER = com.shengjiacheng.GetOudioCore;
				PRODUCT_NAME = GetOudioCore;
				SDKROOT = macosx;
				SKIP_INSTALL = YES;
				VERSIONING_SYSTEM = "apple-generic";
			};
			name = Debug;
		};
/* End XCBuildConfiguration section */

/* Begin XCConfigurationList section */
		10243C244E566F18FCA42A0F /* Build configuration list for PBXNativeTarget "GetOudio" */ = {
			isa = XCConfigurationList;
			buildConfigurations = (
				BEB45274C7C3D68B62D74372 /* Debug */,
				029790475C500B4617AA6DB3 /* Release */,
			);
			defaultConfigurationIsVisible = 0;
			defaultConfigurationName = Debug;
		};
		29D2FF29FEECD70D405581B6 /* Build configuration list for PBXProject "GetOudio" */ = {
			isa = XCConfigurationList;
			buildConfigurations = (
				4B6F299545EAC8C798088E6D /* Debug */,
				53566FAD76AB948B84D982EF /* Release */,
			);
			defaultConfigurationIsVisible = 0;
			defaultConfigurationName = Debug;
		};
		3AF6FE8A1DE0B1368B54EC34 /* Build configuration list for PBXNativeTarget "GetOudioCoreTests" */ = {
			isa = XCConfigurationList;
			buildConfigurations = (
				1444178131C13867DDE179A0 /* Debug */,
				E37F5678C9122F4F26C97FA7 /* Release */,
			);
			defaultConfigurationIsVisible = 0;
			defaultConfigurationName = Debug;
		};
		5AA9C2B80599F82D3ACB70E4 /* Build configuration list for PBXNativeTarget "GetOudioShareExtension" */ = {
			isa = XCConfigurationList;
			buildConfigurations = (
				3291F69E10827E1D2B4B9B82 /* Debug */,
				740312CC2FC4A3C9F67FC310 /* Release */,
			);
			defaultConfigurationIsVisible = 0;
			defaultConfigurationName = Debug;
		};
		5E1ABCCBC10D4B0EA3671016 /* Build configuration list for PBXNativeTarget "GetOudioCore" */ = {
			isa = XCConfigurationList;
			buildConfigurations = (
				F18B869BA0E06BADF1409B24 /* Debug */,
				2F663E9C53FAF068E33B948C /* Release */,
			);
			defaultConfigurationIsVisible = 0;
			defaultConfigurationName = Debug;
		};
		62524FC5D16EB858A9EE0EED /* Build configuration list for PBXNativeTarget "GetOudioAMRuntimeAgent" */ = {
			isa = XCConfigurationList;
			buildConfigurations = (
				1782ECA77FEC4CB44DB3B8B2 /* Debug */,
				05F07F816C39725C26F3F1DE /* Release */,
			);
			defaultConfigurationIsVisible = 0;
			defaultConfigurationName = Debug;
		};
		8F92F7DC7ADF870D27FB6763 /* Build configuration list for PBXNativeTarget "GetOudioFinderExtension" */ = {
			isa = XCConfigurationList;
			buildConfigurations = (
				80A93F9D09C9595EA5927F8C /* Debug */,
				D08A857CFDB47C6186D1886F /* Release */,
			);
			defaultConfigurationIsVisible = 0;
			defaultConfigurationName = Debug;
		};
/* End XCConfigurationList section */
	};
	rootObject = 765A5E52E8CEDAD270702356 /* Project object */;
}
